dependencies:
  espressif/esp-dsp:
    component_hash: ed9ac175b14e0414399a2b33c525579414b5bad19a2a67b12ea212def96f9a98
    dependencies:
    - name: idf
      require: private
      version: '>=4.2'
    source:
      registry_url: https://components.espressif.com/
      type: service
    version: 1.8.2
  idf:
    source:
      type: idf
    version: 5.4.4
direct_dependencies:
- espressif/esp-dsp
- idf
manifest_hash: d31c4d3194474d60dc6958c606c3b55be8ab9c410bf210c18847707a2f655002
target: esp32
version: 2.0.0
